// !$*UTF8*$!
{
	archiveVersion = 1;
	classes = {
	};
	objectVersion = 48;
	objects = {

/* Begin PBXBuildFile section */
		4931A7611FEC11C10095EFEA /* AppDelegate.swift in Sources */ = {isa = PBXBuildFile; fileRef = 4931A7601FEC11C10095EFEA /* AppDelegate.swift */; };
		4931A7631FEC11C10095EFEA /* ViewController.swift in Sources */ = {isa = PBXBuildFile; fileRef = 4931A7621FEC11C10095EFEA /* ViewController.swift */; };
		4931A7661FEC11C10095EFEA /* Main.storyboard in Resources */ = {isa = PBXBuildFile; fileRef = 4931A7641FEC11C10095EFEA /* Main.storyboard */; };
		4931A7681FEC11C10095EFEA /* Assets.xcassets in Resources */ = {isa = PBXBuildFile; fileRef = 4931A7671FEC11C10095EFEA /* Assets.xcassets */; };
		4931A76B1FEC11C10095EFEA /* LaunchScreen.storyboard in Resources */ = {isa = PBXBuildFile; fileRef = 4931A7691FEC11C10095EFEA /* LaunchScreen.storyboard */; };
		4931A7761FEC11C10095EFEA /* SV_QueuerTests.swift in Sources */ = {isa = PBXBuildFile; fileRef = 4931A7751FEC11C10095EFEA /* SV_QueuerTests.swift */; };
		4931A7811FEC18090095EFEA /* LoginViewController.swift in Sources */ = {isa = PBXBuildFile; fileRef = 4931A7801FEC18090095EFEA /* LoginViewController.swift */; };
		4931A7831FEC18190095EFEA /* ProjectsViewController.swift in Sources */ = {isa = PBXBuildFile; fileRef = 4931A7821FEC18190095EFEA /* ProjectsViewController.swift */; };
		4931A7851FEC18380095EFEA /* ProjectViewController.swift in Sources */ = {isa = PBXBuildFile; fileRef = 4931A7841FEC18380095EFEA /* ProjectViewController.swift */; };
/* End PBXBuildFile section */

/* Begin PBXContainerItemProxy section */
		4931A7721FEC11C10095EFEA /* PBXContainerItemProxy */ = {
			isa = PBXContainerItemProxy;
			containerPortal = 4931A7551FEC11C10095EFEA /* Project object */;
			proxyType = 1;
			remoteGlobalIDString = 4931A75C1FEC11C10095EFEA;
			remoteInfo = "SV Queuer";
		};
/* End PBXContainerItemProxy section */

/* Begin PBXFileReference section */
		4931A75D1FEC11C10095EFEA /* SV Queuer.app */ = {isa = PBXFileReference; explicitFileType = wrapper.application; includeInIndex = 0; path = "SV Queuer.app"; sourceTree = BUILT_PRODUCTS_DIR; };
		4931A7601FEC11C10095EFEA /* AppDelegate.swift */ = {isa = PBXFileReference; lastKnownFileType = sourcecode.swift; path = AppDelegate.swift; sourceTree = "<group>"; };
		4931A7621FEC11C10095EFEA /* ViewController.swift */ = {isa = PBXFileReference; lastKnownFileType = sourcecode.swift; path = ViewController.swift; sourceTree = "<group>"; };
		4931A7651FEC11C10095EFEA /* Base */ = {isa = PBXFileReference; lastKnownFileType = file.storyboard; name = Base; path = Base.lproj/Main.storyboard; sourceTree = "<group>"; };
		4931A7671FEC11C10095EFEA /* Assets.xcassets */ = {isa = PBXFileReference; lastKnownFileType = folder.assetcatalog; path = Assets.xcassets; sourceTree = "<group>"; };
		4931A76A1FEC11C10095EFEA /* Base */ = {isa = PBXFileReference; lastKnownFileType = file.storyboard; name = Base; path = Base.lproj/LaunchScreen.storyboard; sourceTree = "<group>"; };
		4931A76C1FEC11C10095EFEA /* Info.plist */ = {isa = PBXFileReference; lastKnownFileType = text.plist.xml; path = Info.plist; sourceTree = "<group>"; };
		4931A7711FEC11C10095EFEA /* SV QueuerTests.xctest */ = {isa = PBXFileReference; explicitFileType = wrapper.cfbundle; includeInIndex = 0; path = "SV QueuerTests.xctest"; sourceTree = BUILT_PRODUCTS_DIR; };
		4931A7751FEC11C10095EFEA /* SV_QueuerTests.swift */ = {isa = PBXFileReference; lastKnownFileType = sourcecode.swift; path = SV_QueuerTests.swift; sourceTree = "<group>"; };
		4931A7771FEC11C10095EFEA /* Info.plist */ = {isa = PBXFileReference; lastKnownFileType = text.plist.xml; path = Info.plist; sourceTree = "<group>"; };
		4931A7801FEC18090095EFEA /* LoginViewController.swift */ = {isa = PBXFileReference; lastKnownFileType = sourcecode.swift; path = LoginViewController.swift; sourceTree = "<group>"; };
		4931A7821FEC18190095EFEA /* ProjectsViewController.swift */ = {isa = PBXFileReference; lastKnownFileType = sourcecode.swift; path = ProjectsViewController.swift; sourceTree = "<group>"; };
		4931A7841FEC18380095EFEA /* ProjectViewController.swift */ = {isa = PBXFileReference; lastKnownFileType = sourcecode.swift; path = ProjectViewController.swift; sourceTree = "<group>"; };
/* End PBXFileReference section */

/* Begin PBXFrameworksBuildPhase section */
		4931A75A1FEC11C10095EFEA /* Frameworks */ = {
			isa = PBXFrameworksBuildPhase;
			buildActionMask = 2147483647;
			files = (
			);
			runOnlyForDeploymentPostprocessing = 0;
		};
		4931A76E1FEC11C10095EFEA /* Frameworks */ = {
			isa = PBXFrameworksBuildPhase;
			buildActionMask = 2147483647;
			files = (
			);
			runOnlyForDeploymentPostprocessing = 0;
		};
/* End PBXFrameworksBuildPhase section */

/* Begin PBXGroup section */
		4931A7541FEC11C10095EFEA = {
			isa = PBXGroup;
			children = (
				4931A75F1FEC11C10095EFEA /* SV Queuer */,
				4931A7741FEC11C10095EFEA /* SV QueuerTests */,
				4931A75E1FEC11C10095EFEA /* Products */,
			);
			sourceTree = "<group>";
		};
		4931A75E1FEC11C10095EFEA /* Products */ = {
			isa = PBXGroup;
			children = (
				4931A75D1FEC11C10095EFEA /* SV Queuer.app */,
				4931A7711FEC11C10095EFEA /* SV QueuerTests.xctest */,
			);
			name = Products;
			sourceTree = "<group>";
		};
		4931A75F1FEC11C10095EFEA /* SV Queuer */ = {
			isa = PBXGroup;
			children = (
				4931A7601FEC11C10095EFEA /* AppDelegate.swift */,
				4931A7621FEC11C10095EFEA /* ViewController.swift */,
				4931A7641FEC11C10095EFEA /* Main.storyboard */,
				4931A7671FEC11C10095EFEA /* Assets.xcassets */,
				4931A7691FEC11C10095EFEA /* LaunchScreen.storyboard */,
				4931A76C1FEC11C10095EFEA /* Info.plist */,
				4931A7801FEC18090095EFEA /* LoginViewController.swift */,
				4931A7821FEC18190095EFEA /* ProjectsViewController.swift */,
				4931A7841FEC18380095EFEA /* ProjectViewController.swift */,
			);
			path = "SV Queuer";
			sourceTree = "<group>";
		};
		4931A7741FEC11C10095EFEA /* SV QueuerTests */ = {
			isa = PBXGroup;
			children = (
				4931A7751FEC11C10095EFEA /* SV_QueuerTests.swift */,
				4931A7771FEC11C10095EFEA /* Info.plist */,
			);
			path = "SV QueuerTests";
			sourceTree = "<group>";
		};
/* End PBXGroup section */

/* Begin PBXNativeTarget section */
		4931A75C1FEC11C10095EFEA /* SV Queuer */ = {
			isa = PBXNativeTarget;
			buildConfigurationList = 4931A77A1FEC11C10095EFEA /* Build configuration list for PBXNativeTarget "SV Queuer" */;
			buildPhases = (
				4931A7591FEC11C10095EFEA /* Sources */,
				4931A75A1FEC11C10095EFEA /* Frameworks */,
				4931A75B1FEC11C10095EFEA /* Resources */,
			);
			buildRules = (
			);
			dependencies = (
			);
			name = "SV Queuer";
			productName = "SV Queuer";
			productReference = 4931A75D1FEC11C10095EFEA /* SV Queuer.app */;
			productType = "com.apple.product-type.application";
		};
		4931A7701FEC11C10095EFEA /* SV QueuerTests */ = {
			isa = PBXNativeTarget;
			buildConfigurationList = 4931A77D1FEC11C10095EFEA /* Build configuration list for PBXNativeTarget "SV QueuerTests" */;
			buildPhases = (
				4931A76D1FEC11C10095EFEA /* Sources */,
				4931A76E1FEC11C10095EFEA /* Frameworks */,
				4931A76F1FEC11C10095EFEA /* Resources */,
			);
			buildRules = (
			);
			dependencies = (
				4931A7731FEC11C10095EFEA /* PBXTargetDependency */,
			);
			name = "SV QueuerTests";
			productName = "SV QueuerTests";
			productReference = 4931A7711FEC11C10095EFEA /* SV QueuerTests.xctest */;
			productType = "com.apple.product-type.bundle.unit-test";
		};
/* End PBXNativeTarget section */

/* Begin PBXProject section */
		4931A7551FEC11C10095EFEA /* Project object */ = {
			isa = PBXProject;
			attributes = {
				LastSwiftUpdateCheck = 0910;
				LastUpgradeCheck = 0910;
				ORGANIZATIONNAME = "Silicon Villas";
				TargetAttributes = {
					4931A75C1FEC11C10095EFEA = {
						CreatedOnToolsVersion = 9.1;
						ProvisioningStyle = Automatic;
					};
					4931A7701FEC11C10095EFEA = {
						CreatedOnToolsVersion = 9.1;
						ProvisioningStyle = Automatic;
						TestTargetID = 4931A75C1FEC11C10095EFEA;
					};
				};
			};
			buildConfigurationList = 4931A7581FEC11C10095EFEA /* Build configuration list for PBXProject "SV Queuer" */;
			compatibilityVersion = "Xcode 8.0";
			developmentRegion = en;
			hasScannedForEncodings = 0;
			knownRegions = (
				en,
				Base,
			);
			mainGroup = 4931A7541FEC11C10095EFEA;
			productRefGroup = 4931A75E1FEC11C10095EFEA /* Products */;
			projectDirPath = "";
			projectRoot = "";
			targets = (
				4931A75C1FEC11C10095EFEA /* SV Queuer */,
				4931A7701FEC11C10095EFEA /* SV QueuerTests */,
			);
		};
/* End PBXProject section */

/* Begin PBXResourcesBuildPhase section */
		4931A75B1FEC11C10095EFEA /* Resources */ = {
			isa = PBXResourcesBuildPhase;
			buildActionMask = 2147483647;
			files = (
				4931A76B1FEC11C10095EFEA /* LaunchScreen.storyboard in Resources */,
				4931A7681FEC11C10095EFEA /* Assets.xcassets in Resources */,
				4931A7661FEC11C10095EFEA /* Main.storyboard in Resources */,
			);
			runOnlyForDeploymentPostprocessing = 0;
		};
		4931A76F1FEC11C10095EFEA /* Resources */ = {
			isa = PBXResourcesBuildPhase;
			buildActionMask = 2147483647;
			files = (
			);
			runOnlyForDeploymentPostprocessing = 0;
		};
/* End PBXResourcesBuildPhase section */

/* Begin PBXSourcesBuildPhase section */
		4931A7591FEC11C10095EFEA /* Sources */ = {
			isa = PBXSourcesBuildPhase;
			buildActionMask = 2147483647;
			files = (
				4931A7851FEC18380095EFEA /* ProjectViewController.swift in Sources */,
				4931A7831FEC18190095EFEA /* ProjectsViewController.swift in Sources */,
				4931A7811FEC18090095EFEA /* LoginViewController.swift in Sources */,
				4931A7631FEC11C10095EFEA /* ViewController.swift in Sources */,
				4931A7611FEC11C10095EFEA /* AppDelegate.swift in Sources */,
			);
			runOnlyForDeploymentPostprocessing = 0;
		};
		4931A76D1FEC11C10095EFEA /* Sources */ = {
			isa = PBXSourcesBuildPhase;
			buildActionMask = 2147483647;
			files = (
				4931A7761FEC11C10095EFEA /* SV_QueuerTests.swift in Sources */,
			);
			runOnlyForDeploymentPostprocessing = 0;
		};
/* End PBXSourcesBuildPhase section */

/* Begin PBXTargetDependency section */
		4931A7731FEC11C10095EFEA /* PBXTargetDependency */ = {
			isa = PBXTargetDependency;
			target = 4931A75C1FEC11C10095EFEA /* SV Queuer */;
			targetProxy = 4931A7721FEC11C10095EFEA /* PBXContainerItemProxy */;
		};
/* End PBXTargetDependency section */

/* Begin PBXVariantGroup section */
		4931A7641FEC11C10095EFEA /* Main.storyboard */ = {
			isa = PBXVariantGroup;
			children = (
				4931A7651FEC11C10095EFEA /* Base */,
			);
			name = Main.storyboard;
			sourceTree = "<group>";
		};
		4931A7691FEC11C10095EFEA /* LaunchScreen.storyboard */ = {
			isa = PBXVariantGroup;
			children = (
				4931A76A1FEC11C10095EFEA /* Base */,
			);
			name = LaunchScreen.storyboard;
			sourceTree = "<group>";
		};
/* End PBXVariantGroup section */

/* Begin XCBuildConfiguration section */
		4931A7781FEC11C10095EFEA /* Debug */ = {
			isa = XCBuildConfiguration;
			buildSettings = {
				ALWAYS_SEARCH_USER_PATHS = NO;
				CLANG_ANALYZER_NONNULL = YES;
				CLANG_ANALYZER_NUMBER_OBJECT_CONVERSION = YES_AGGRESSIVE;
				CLANG_CXX_LANGUAGE_STANDARD = "gnu++14";
				CLANG_CXX_LIBRARY = "libc++";
				CLANG_ENABLE_MODULES = YES;
				CLANG_ENABLE_OBJC_ARC = YES;
				CLANG_WARN_BLOCK_CAPTURE_AUTORELEASING = YES;
				CLANG_WARN_BOOL_CONVERSION = YES;
				CLANG_WARN_COMMA = YES;
				CLANG_WARN_CONSTANT_CONVERSION = YES;
				CLANG_WARN_DIRECT_OBJC_ISA_USAGE = YES_ERROR;
				CLANG_WARN_DOCUMENTATION_COMMENTS = YES;
				CLANG_WARN_EMPTY_BODY = YES;
				CLANG_WARN_ENUM_CONVERSION = YES;
				CLANG_WARN_INFINITE_RECURSION = YES;
				CLANG_WARN_INT_CONVERSION = YES;
				CLANG_WARN_NON_LITERAL_NULL_CONVERSION = YES;
				CLANG_WARN_OBJC_LITERAL_CONVERSION = YES;
				CLANG_WARN_OBJC_ROOT_CLASS = YES_ERROR;
				CLANG_WARN_RANGE_LOOP_ANALYSIS = YES;
				CLANG_WARN_STRICT_PROTOTYPES = YES;
				CLANG_WARN_SUSPICIOUS_MOVE = YES;
				CLANG_WARN_UNGUARDED_AVAILABILITY = YES_AGGRESSIVE;
				CLANG_WARN_UNREACHABLE_CODE = YES;
				CLANG_WARN__DUPLICATE_METHOD_MATCH = YES;
				CODE_SIGN_IDENTITY = "iPhone Developer";
				COPY_PHASE_STRIP = NO;
				DEBUG_INFORMATION_FORMAT = dwarf;
				ENABLE_STRICT_OBJC_MSGSEND = YES;
				ENABLE_TESTABILITY = YES;
				GCC_C_LANGUAGE_STANDARD = gnu11;
				GCC_DYNAMIC_NO_PIC = NO;
				GCC_NO_COMMON_BLOCKS = YES;
				GCC_OPTIMIZATION_LEVEL = 0;
				GCC_PREPROCESSOR_DEFINITIONS = (
					"DEBUG=1",
					"$(inherited)",
				);
				GCC_WARN_64_TO_32_BIT_CONVERSION = YES;
				GCC_WARN_ABOUT_RETURN_TYPE = YES_ERROR;
				GCC_WARN_UNDECLARED_SELECTOR = YES;
				GCC_WARN_UNINITIALIZED_AUTOS = YES_AGGRESSIVE;
				GCC_WARN_UNUSED_FUNCTION = YES;
				GCC_WARN_UNUSED_VARIABLE = YES;
				IPHONEOS_DEPLOYMENT_TARGET = 11.1;
				MTL_ENABLE_DEBUG_INFO = YES;
				ONLY_ACTIVE_ARCH = YES;
				SDKROOT = iphoneos;
				SWIFT_ACTIVE_COMPILATION_CONDITIONS = DEBUG;
				SWIFT_OPTIMIZATION_LEVEL = "-Onone";
			};
			name = Debug;
		};
		4931A7791FEC11C10095EFEA /* Release */ = {
			isa = XCBuildConfiguration;
			buildSettings = {
				ALWAYS_SEARCH_USER_PATHS = NO;
				CLANG_ANALYZER_NONNULL = YES;
				CLANG_ANALYZER_NUMBER_OBJECT_CONVERSION = YES_AGGRESSIVE;
				CLANG_CXX_LANGUAGE_STANDARD = "gnu++14";
				CLANG_CXX_LIBRARY = "libc++";
				CLANG_ENABLE_MODULES = YES;
				CLANG_ENABLE_OBJC_ARC = YES;
				CLANG_WARN_BLOCK_CAPTURE_AUTORELEASING = YES;
				CLANG_WARN_BOOL_CONVERSION = YES;
				CLANG_WARN_COMMA = YES;
				CLANG_WARN_CONSTANT_CONVERSION = YES;
				CLANG_WARN_DIRECT_OBJC_ISA_USAGE = YES_ERROR;
				CLANG_WARN_DOCUMENTATION_COMMENTS = YES;
				CLANG_WARN_EMPTY_BODY = YES;
				CLANG_WARN_ENUM_CONVERSION = YES;
				CLANG_WARN_INFINITE_RECURSION = YES;
				CLANG_WARN_INT_CONVERSION = YES;
				CLANG_WARN_NON_LITERAL_NULL_CONVERSION = YES;
				CLANG_WARN_OBJC_LITERAL_CONVERSION = YES;
				CLANG_WARN_OBJC_ROOT_CLASS = YES_ERROR;
				CLANG_WARN_RANGE_LOOP_ANALYSIS = YES;
				CLANG_WARN_STRICT_PROTOTYPES = YES;
				CLANG_WARN_SUSPICIOUS_MOVE = YES;
				CLANG_WARN_UNGUARDED_AVAILABILITY = YES_AGGRESSIVE;
				CLANG_WARN_UNREACHABLE_CODE = YES;
				CLANG_WARN__DUPLICATE_METHOD_MATCH = YES;
				CODE_SIGN_IDENTITY = "iPhone Developer";
				COPY_PHASE_STRIP = NO;
				DEBUG_INFORMATION_FORMAT = "dwarf-with-dsym";
				ENABLE_NS_ASSERTIONS = NO;
				ENABLE_STRICT_OBJC_MSGSEND = YES;
				GCC_C_LANGUAGE_STANDARD = gnu11;
				GCC_NO_COMMON_BLOCKS = YES;
				GCC_WARN_64_TO_32_BIT_CONVERSION = YES;
				GCC_WARN_ABOUT_RETURN_TYPE = YES_ERROR;
				GCC_WARN_UNDECLARED_SELECTOR = YES;
				GCC_WARN_UNINITIALIZED_AUTOS = YES_AGGRESSIVE;
				GCC_WARN_UNUSED_FUNCTION = YES;
				GCC_WARN_UNUSED_VARIABLE = YES;
				IPHONEOS_DEPLOYMENT_TARGET = 11.1;
				MTL_ENABLE_DEBUG_INFO = NO;
				SDKROOT = iphoneos;
				SWIFT_OPTIMIZATION_LEVEL = "-Owholemodule";
				VALIDATE_PRODUCT = YES;
			};
			name = Release;
		};
		4931A77B1FEC11C10095EFEA /* Debug */ = {
			isa = XCBuildConfiguration;
			buildSettings = {
				ASSETCATALOG_COMPILER_APPICON_NAME = AppIcon;
				CODE_SIGN_STYLE = Automatic;
				DEVELOPMENT_TEAM = 2RAXN4MKTE;
				INFOPLIST_FILE = "SV Queuer/Info.plist";
				LD_RUNPATH_SEARCH_PATHS = "$(inherited) @executable_path/Frameworks";
				PRODUCT_BUNDLE_IDENTIFIER = "com.siliconvillas.SV-Queuer";
				PRODUCT_NAME = "$(TARGET_NAME)";
				SWIFT_VERSION = 4.0;
				TARGETED_DEVICE_FAMILY = "1,2";
			};
			name = Debug;
		};
		4931A77C1FEC11C10095EFEA /* Release */ = {
			isa = XCBuildConfiguration;
			buildSettings = {
				ASSETCATALOG_COMPILER_APPICON_NAME = AppIcon;
				CODE_SIGN_STYLE = Automatic;
				DEVELOPMENT_TEAM = 2RAXN4MKTE;
				INFOPLIST_FILE = "SV Queuer/Info.plist";
				LD_RUNPATH_SEARCH_PATHS = "$(inherited) @executable_path/Frameworks";
				PRODUCT_BUNDLE_IDENTIFIER = "com.siliconvillas.SV-Queuer";
				PRODUCT_NAME = "$(TARGET_NAME)";
				SWIFT_VERSION = 4.0;
				TARGETED_DEVICE_FAMILY = "1,2";
			};
			name = Release;
		};
		4931A77E1FEC11C10095EFEA /* Debug */ = {
			isa = XCBuildConfiguration;
			buildSettings = {
				ALWAYS_EMBED_SWIFT_STANDARD_LIBRARIES = YES;
				BUNDLE_LOADER = "$(TEST_HOST)";
				CODE_SIGN_STYLE = Automatic;
				DEVELOPMENT_TEAM = 2RAXN4MKTE;
				INFOPLIST_FILE = "SV QueuerTests/Info.plist";
				LD_RUNPATH_SEARCH_PATHS = "$(inherited) @executable_path/Frameworks @loader_path/Frameworks";
				PRODUCT_BUNDLE_IDENTIFIER = "com.siliconvillas.SV-QueuerTests";
				PRODUCT_NAME = "$(TARGET_NAME)";
				SWIFT_VERSION = 4.0;
				TARGETED_DEVICE_FAMILY = "1,2";
				TEST_HOST = "$(BUILT_PRODUCTS_DIR)/SV Queuer.app/SV Queuer";
			};
			name = Debug;
		};
		4931A77F1FEC11C10095EFEA /* Release */ = {
			isa = XCBuildConfiguration;
			buildSettings = {
				ALWAYS_EMBED_SWIFT_STANDARD_LIBRARIES = YES;
				BUNDLE_LOADER = "$(TEST_HOST)";
				CODE_SIGN_STYLE = Automatic;
				DEVELOPMENT_TEAM = 2RAXN4MKTE;
				INFOPLIST_FILE = "SV QueuerTests/Info.plist";
				LD_RUNPATH_SEARCH_PATHS = "$(inherited) @executable_path/Frameworks @loader_path/Frameworks";
				PRODUCT_BUNDLE_IDENTIFIER = "com.siliconvillas.SV-QueuerTests";
				PRODUCT_NAME = "$(TARGET_NAME)";
				SWIFT_VERSION = 4.0;
				TARGETED_DEVICE_FAMILY = "1,2";
				TEST_HOST = "$(BUILT_PRODUCTS_DIR)/SV Queuer.app/SV Queuer";
			};
			name = Release;
		};
/* End XCBuildConfiguration section */

/* Begin XCConfigurationList section */
		4931A7581FEC11C10095EFEA /* Build configuration list for PBXProject "SV Queuer" */ = {
			isa = XCConfigurationList;
			buildConfigurations = (
				4931A7781FEC11C10095EFEA /* Debug */,
				4931A7791FEC11C10095EFEA /* Release */,
			);
			defaultConfigurationIsVisible = 0;
			defaultConfigurationName = Release;
		};
		4931A77A1FEC11C10095EFEA /* Build configuration list for PBXNativeTarget "SV Queuer" */ = {
			isa = XCConfigurationList;
			buildConfigurations = (
				4931A77B1FEC11C10095EFEA /* Debug */,
				4931A77C1FEC11C10095EFEA /* Release */,
			);
			defaultConfigurationIsVisible = 0;
			defaultConfigurationName = Release;
		};
		4931A77D1FEC11C10095EFEA /* Build configuration list for PBXNativeTarget "SV QueuerTests" */ = {
			isa = XCConfigurationList;
			buildConfigurations = (
				4931A77E1FEC11C10095EFEA /* Debug */,
				4931A77F1FEC11C10095EFEA /* Release */,
			);
			defaultConfigurationIsVisible = 0;
			defaultConfigurationName = Release;
		};
/* End XCConfigurationList section */
	};
	rootObject = 4931A7551FEC11C10095EFEA /* Project object */;
}
